PODS:
  - Alamofire (4.8.2)
  - CryptoSwift (1.0.0)
  - DefaultsKit (0.2.0)
  - LGButton (1.1.6)
  - Mapbox-iOS-SDK (4.10.0)
  - MapboxCoreNavigation (0.32.0):
    - MapboxDirections.swift (~> 0.27.3)
    - MapboxMobileEvents (~> 0.9.3)
    - MapboxNavigationNative (~> 6.1.3)
    - Turf (~> 0.3.0)
  - MapboxDirections.swift (0.27.3):
    - Polyline (~> 4.2)
  - MapboxMobileEvents (0.9.3)
  - MapboxNavigation (0.32.0):
    - Mapbox-iOS-SDK (~> 4.3)
    - MapboxCoreNavigation (= 0.32.0)
    - MapboxSpeech (~> 0.1.0)
    - Solar (~> 2.1)
  - MapboxNavigationNative (6.1.3)
  - MapboxSpeech (0.1.1)
  - Polyline (4.2.1)
  - Solar (2.1.0)
  - SwiftGen (6.1.0)
  - SwiftMessages (6.0.2):
    - SwiftMessages/App (= 6.0.2)
  - SwiftMessages/App (6.0.2)
  - Turf (0.3.0)

DEPENDENCIES:
  - Alamofire (~> 4.8)
  - CryptoSwift (~> 1.0)
  - DefaultsKit (~> 0.2)
  - LGButton (~> 1.1)
  - MapboxNavigation (~> 0.32)
  - SwiftGen (~> 6.0)
  - SwiftMessages (~> 6.0)

SPEC REPOS:
  https://github.com/cocoapods/specs.git:
    - Alamofire
    - CryptoSwift
    - DefaultsKit
    - LGButton
    - Mapbox-iOS-SDK
    - MapboxCoreNavigation
    - MapboxDirections.swift
    - MapboxMobileEvents
    - MapboxNavigation
    - MapboxNavigationNative
    - MapboxSpeech
    - Polyline
    - Solar
    - SwiftGen
    - SwiftMessages
    - Turf

SPEC CHECKSUMS:
  Alamofire: ae5c501addb7afdbb13687d7f2f722c78734c2d3
  CryptoSwift: d81eeaa59dc5a8d03720fe919a6fd07b51f7439f
  DefaultsKit: 6c767941b2c3fe34c4d70e300e6c3b80c94964dd
  LGButton: 9f0a7f9d3030e3f504108342f6b66d64a429371b
  Mapbox-iOS-SDK: 8b1b777de7de373cdf000994c91af101ef886477
  MapboxCoreNavigation: bcfc8625124c50774140f49b09f59be6aa0a40ab
  MapboxDirections.swift: af3d8bc8cd80ed6e498dd6ed933f3c348799e1e2
  MapboxMobileEvents: dea3b845b1a8528def7150dedf0cedefc6dfe284
  MapboxNavigation: a8200b70ae9481ba245a6cfe8b48263421f7eff1
  MapboxNavigationNative: c7340cdfcb28f88aa02b6e3896151f4cd897f323
  MapboxSpeech: 59b3984d3f433a443d24acf53097f918c5cc70f9
  Polyline: 0e9890790292741c8186201a536b6bb6a78d02dd
  Solar: 2dc6e7cc39186cb0c8228fa08df76fb50c7d8f24
  SwiftGen: f872ca75cbd17bf7103c17f13dcfa0d9a15667b0
  SwiftMessages: 8b3cc68dba2f1c91aac1a74c90b10287aac35371
  Turf: c6bdf62d6a70c647874f295dd1cf4eefc0c3e9e6

PODFILE CHECKSUM: 6e72ae10a21e6be5e45289fb3a406867b5c3c130

COCOAPODS: 1.6.1
